{
  "version": 4,
  "terraform_version": "1.14.4",
  "serial": 15,
  "lineage": "c2829fa9-6afd-eb4f-0b23-a878a80064d6",
  "outputs": {
    "lb_backend_pool_id": {
      "value": "/subscriptions/2501d58d-4027-4e36-847f-570ffd31b045/resourceGroups/ha-dev-rg/providers/Microsoft.Network/loadBalancers/ha-dev-lb/backendAddressPools/ha-dev-bepool",
      "type": "string"
    },
    "lb_health_probe_id": {
      "value": "/subscriptions/2501d58d-4027-4e36-847f-570ffd31b045/resourceGroups/ha-dev-rg/providers/Microsoft.Network/loadBalancers/ha-dev-lb/probes/http-probe",
      "type": "string"
    },
    "lb_public_ip": {
      "value": "20.107.200.229",
      "type": "string"
    },
    "private_subnet_id": {
      "value": "/subscriptions/2501d58d-4027-4e36-847f-570ffd31b045/resourceGroups/ha-dev-rg/providers/Microsoft.Network/virtualNetworks/ha-dev-vnet/subnets/ha-dev-private",
      "type": "string"
    },
    "public_subnet_id": {
      "value": "/subscriptions/2501d58d-4027-4e36-847f-570ffd31b045/resourceGroups/ha-dev-rg/providers/Microsoft.Network/virtualNetworks/ha-dev-vnet/subnets/ha-dev-public",
      "type": "string"
    },
    "rg_name": {
      "value": "ha-dev-rg",
      "type": "string"
    },
    "vmss_name": {
      "value": "ha-dev-vmss",
      "type": "string"
    },
    "vnet_id": {
      "value": "/subscriptions/2501d58d-4027-4e36-847f-570ffd31b045/resourceGroups/ha-dev-rg/providers/Microsoft.Network/virtualNetworks/ha-dev-vnet",
      "type": "string"
    }
  },
  "resources": [
    {
      "module": "module.lb",
      "mode": "managed",
      "type": "azurerm_lb",
      "name": "lb",
      "provider": "provider[\"registry.terraform.io/hashicorp/azurerm\"]",
      "instances": [
        {
          "schema_version": 0,
          "attributes": {
            "edge_zone": "",
            "frontend_ip_configuration": [
              {
                "gateway_load_balancer_frontend_ip_configuration_id": "",
                "id": "/subscriptions/2501d58d-4027-4e36-847f-570ffd31b045/resourceGroups/ha-dev-rg/providers/Microsoft.Network/loadBalancers/ha-dev-lb/frontendIPConfigurations/public-frontend",
                "inbound_nat_rules": [],
                "load_balancer_rules": [
                  "/subscriptions/2501d58d-4027-4e36-847f-570ffd31b045/resourceGroups/ha-dev-rg/providers/Microsoft.Network/loadBalancers/ha-dev-lb/loadBalancingRules/http-rule"
                ],
                "name": "public-frontend",
                "outbound_rules": [],
                "private_ip_address": "",
                "private_ip_address_allocation": "Dynamic",
                "private_ip_address_version": "",
                "public_ip_address_id": "/subscriptions/2501d58d-4027-4e36-847f-570ffd31b045/resourceGroups/ha-dev-rg/providers/Microsoft.Network/publicIPAddresses/ha-dev-lb-pip",
                "public_ip_prefix_id": "",
                "subnet_id": "",
                "zones": []
              }
            ],
            "id": "/subscriptions/2501d58d-4027-4e36-847f-570ffd31b045/resourceGroups/ha-dev-rg/providers/Microsoft.Network/loadBalancers/ha-dev-lb",
            "location": "northeurope",
            "name": "ha-dev-lb",
            "private_ip_address": "",
            "private_ip_addresses": [],
            "public_ip_address_id": null,
            "resource_group_name": "ha-dev-rg",
            "sku": "Standard",
            "sku_tier": "Regional",
            "subnet_id": null,
            "tags": {
              "environment": "dev",
              "project": "azure-ha-platform"
            },
            "timeouts": null
          },
          "sensitive_attributes": [],
          "identity_schema_version": 0,
          "private": "eyJlMmJmYjczMC1lY2FhLTExZTYtOGY4OC0zNDM2M2JjN2M0YzAiOnsiY3JlYXRlIjoxODAwMDAwMDAwMDAwLCJkZWxldGUiOjE4MDAwMDAwMDAwMDAsInJlYWQiOjMwMDAwMDAwMDAwMCwidXBkYXRlIjoxODAwMDAwMDAwMDAwfX0=",
          "dependencies": [
            "module.lb.azurerm_public_ip.lb_pip",
            "module.network.azurerm_resource_group.rg"
          ]
        }
      ]
    },
    {
      "module": "module.lb",
      "mode": "managed",
      "type": "azurerm_lb_backend_address_pool",
      "name": "bepool",
      "provider": "provider[\"registry.terraform.io/hashicorp/azurerm\"]",
      "instances": [
        {
          "schema_version": 0,
          "attributes": {
            "backend_ip_configurations": [],
            "id": "/subscriptions/2501d58d-4027-4e36-847f-570ffd31b045/resourceGroups/ha-dev-rg/providers/Microsoft.Network/loadBalancers/ha-dev-lb/backendAddressPools/ha-dev-bepool",
            "inbound_nat_rules": [],
            "load_balancing_rules": [
              "/subscriptions/2501d58d-4027-4e36-847f-570ffd31b045/resourceGroups/ha-dev-rg/providers/Microsoft.Network/loadBalancers/ha-dev-lb/loadBalancingRules/http-rule"
            ],
            "loadbalancer_id": "/subscriptions/2501d58d-4027-4e36-847f-570ffd31b045/resourceGroups/ha-dev-rg/providers/Microsoft.Network/loadBalancers/ha-dev-lb",
            "name": "ha-dev-bepool",
            "outbound_rules": [],
            "synchronous_mode": "",
            "timeouts": null,
            "tunnel_interface": [],
            "virtual_network_id": ""
          },
          "sensitive_attributes": [],
          "identity_schema_version": 0,
          "private": "eyJlMmJmYjczMC1lY2FhLTExZTYtOGY4OC0zNDM2M2JjN2M0YzAiOnsiY3JlYXRlIjoxODAwMDAwMDAwMDAwLCJkZWxldGUiOjE4MDAwMDAwMDAwMDAsInJlYWQiOjMwMDAwMDAwMDAwMCwidXBkYXRlIjoxODAwMDAwMDAwMDAwfX0=",
          "dependencies": [
            "module.lb.azurerm_lb.lb",
            "module.lb.azurerm_public_ip.lb_pip",
            "module.network.azurerm_resource_group.rg"
          ]
        }
      ]
    },
    {
      "module": "module.lb",
      "mode": "managed",
      "type": "azurerm_lb_probe",
      "name": "http",
      "provider": "provider[\"registry.terraform.io/hashicorp/azurerm\"]",
      "instances": [
        {
          "schema_version": 0,
          "attributes": {
            "id": "/subscriptions/2501d58d-4027-4e36-847f-570ffd31b045/resourceGroups/ha-dev-rg/providers/Microsoft.Network/loadBalancers/ha-dev-lb/probes/http-probe",
            "interval_in_seconds": 5,
            "load_balancer_rules": [
              "/subscriptions/2501d58d-4027-4e36-847f-570ffd31b045/resourceGroups/ha-dev-rg/providers/Microsoft.Network/loadBalancers/ha-dev-lb/loadBalancingRules/http-rule"
            ],
            "loadbalancer_id": "/subscriptions/2501d58d-4027-4e36-847f-570ffd31b045/resourceGroups/ha-dev-rg/providers/Microsoft.Network/loadBalancers/ha-dev-lb",
            "name": "http-probe",
            "number_of_probes": 2,
            "port": 80,
            "probe_threshold": 1,
            "protocol": "Http",
            "request_path": "/",
            "timeouts": null
          },
          "sensitive_attributes": [],
          "identity_schema_version": 0,
          "private": "eyJlMmJmYjczMC1lY2FhLTExZTYtOGY4OC0zNDM2M2JjN2M0YzAiOnsiY3JlYXRlIjoxODAwMDAwMDAwMDAwLCJkZWxldGUiOjE4MDAwMDAwMDAwMDAsInJlYWQiOjMwMDAwMDAwMDAwMCwidXBkYXRlIjoxODAwMDAwMDAwMDAwfX0=",
          "dependencies": [
            "module.lb.azurerm_lb.lb",
            "module.lb.azurerm_public_ip.lb_pip",
            "module.network.azurerm_resource_group.rg"
          ]
        }
      ]
    },
    {
      "module": "module.lb",
      "mode": "managed",
      "type": "azurerm_lb_rule",
      "name": "http",
      "provider": "provider[\"registry.terraform.io/hashicorp/azurerm\"]",
      "instances": [
        {
          "schema_version": 0,
          "attributes": {
            "backend_address_pool_ids": [
              "/subscriptions/2501d58d-4027-4e36-847f-570ffd31b045/resourceGroups/ha-dev-rg/providers/Microsoft.Network/loadBalancers/ha-dev-lb/backendAddressPools/ha-dev-bepool"
            ],
            "backend_port": 80,
            "disable_outbound_snat": false,
            "enable_floating_ip": false,
            "enable_tcp_reset": false,
            "floating_ip_enabled": false,
            "frontend_ip_configuration_id": "/subscriptions/2501d58d-4027-4e36-847f-570ffd31b045/resourceGroups/ha-dev-rg/providers/Microsoft.Network/loadBalancers/ha-dev-lb/frontendIPConfigurations/public-frontend",
            "frontend_ip_configuration_name": "public-frontend",
            "frontend_port": 80,
            "id": "/subscriptions/2501d58d-4027-4e36-847f-570ffd31b045/resourceGroups/ha-dev-rg/providers/Microsoft.Network/loadBalancers/ha-dev-lb/loadBalancingRules/http-rule",
            "idle_timeout_in_minutes": 4,
            "load_distribution": "Default",
            "loadbalancer_id": "/subscriptions/2501d58d-4027-4e36-847f-570ffd31b045/resourceGroups/ha-dev-rg/providers/Microsoft.Network/loadBalancers/ha-dev-lb",
            "name": "http-rule",
            "probe_id": "/subscriptions/2501d58d-4027-4e36-847f-570ffd31b045/resourceGroups/ha-dev-rg/providers/Microsoft.Network/loadBalancers/ha-dev-lb/probes/http-probe",
            "protocol": "Tcp",
            "tcp_reset_enabled": false,
            "timeouts": null
          },
          "sensitive_attributes": [],
          "identity_schema_version": 0,
          "private": "eyJlMmJmYjczMC1lY2FhLTExZTYtOGY4OC0zNDM2M2JjN2M0YzAiOnsiY3JlYXRlIjoxODAwMDAwMDAwMDAwLCJkZWxldGUiOjE4MDAwMDAwMDAwMDAsInJlYWQiOjMwMDAwMDAwMDAwMCwidXBkYXRlIjoxODAwMDAwMDAwMDAwfX0=",
          "dependencies": [
            "module.lb.azurerm_lb.lb",
            "module.lb.azurerm_lb_backend_address_pool.bepool",
            "module.lb.azurerm_lb_probe.http",
            "module.lb.azurerm_public_ip.lb_pip",
            "module.network.azurerm_resource_group.rg"
          ]
        }
      ]
    },
    {
      "module": "module.lb",
      "mode": "managed",
      "type": "azurerm_public_ip",
      "name": "lb_pip",
      "provider": "provider[\"registry.terraform.io/hashicorp/azurerm\"]",
      "instances": [
        {
          "schema_version": 0,
          "attributes": {
            "allocation_method": "Static",
            "ddos_protection_mode": "VirtualNetworkInherited",
            "ddos_protection_plan_id": null,
            "domain_name_label": null,
            "domain_name_label_scope": null,
            "edge_zone": "",
            "fqdn": null,
            "id": "/subscriptions/2501d58d-4027-4e36-847f-570ffd31b045/resourceGroups/ha-dev-rg/providers/Microsoft.Network/publicIPAddresses/ha-dev-lb-pip",
            "idle_timeout_in_minutes": 4,
            "ip_address": "20.107.200.229",
            "ip_tags": {},
            "ip_version": "IPv4",
            "location": "northeurope",
            "name": "ha-dev-lb-pip",
            "public_ip_prefix_id": null,
            "resource_group_name": "ha-dev-rg",
            "reverse_fqdn": null,
            "sku": "Standard",
            "sku_tier": "Regional",
            "tags": {
              "environment": "dev",
              "project": "azure-ha-platform"
            },
            "timeouts": null,
            "zones": []
          },
          "sensitive_attributes": [],
          "identity_schema_version": 0,
          "identity": {
            "name": "ha-dev-lb-pip",
            "resource_group_name": "ha-dev-rg",
            "subscription_id": "2501d58d-4027-4e36-847f-570ffd31b045"
          },
          "private": "eyJlMmJmYjczMC1lY2FhLTExZTYtOGY4OC0zNDM2M2JjN2M0YzAiOnsiY3JlYXRlIjoxODAwMDAwMDAwMDAwLCJkZWxldGUiOjE4MDAwMDAwMDAwMDAsInJlYWQiOjMwMDAwMDAwMDAwMCwidXBkYXRlIjoxODAwMDAwMDAwMDAwfX0=",
          "dependencies": [
            "module.network.azurerm_resource_group.rg"
          ]
        }
      ]
    },
    {
      "module": "module.network",
      "mode": "managed",
      "type": "azurerm_network_security_group",
      "name": "nsg_private",
      "provider": "provider[\"registry.terraform.io/hashicorp/azurerm\"]",
      "instances": [
        {
          "schema_version": 0,
          "attributes": {
            "id": "/subscriptions/2501d58d-4027-4e36-847f-570ffd31b045/resourceGroups/ha-dev-rg/providers/Microsoft.Network/networkSecurityGroups/ha-dev-nsg-private",
            "location": "northeurope",
            "name": "ha-dev-nsg-private",
            "resource_group_name": "ha-dev-rg",
            "security_rule": [
              {
                "access": "Allow",
                "description": "",
                "destination_address_prefix": "*",
                "destination_address_prefixes": [],
                "destination_application_security_group_ids": [],
                "destination_port_range": "80",
                "destination_port_ranges": [],
                "direction": "Inbound",
                "name": "Allow-HTTP-From-AzureLoadBalancer",
                "priority": 100,
                "protocol": "Tcp",
                "source_address_prefix": "AzureLoadBalancer",
                "source_address_prefixes": [],
                "source_application_security_group_ids": [],
                "source_port_range": "*",
                "source_port_ranges": []
              },
              {
                "access": "Deny",
                "description": "",
                "destination_address_prefix": "*",
                "destination_address_prefixes": [],
                "destination_application_security_group_ids": [],
                "destination_port_range": "*",
                "destination_port_ranges": [],
                "direction": "Inbound",
                "name": "Deny-All-Inbound",
                "priority": 4096,
                "protocol": "*",
                "source_address_prefix": "*",
                "source_address_prefixes": [],
                "source_application_security_group_ids": [],
                "source_port_range": "*",
                "source_port_ranges": []
              }
            ],
            "tags": {
              "environment": "dev",
              "project": "azure-ha-platform"
            },
            "timeouts": null
          },
          "sensitive_attributes": [],
          "identity_schema_version": 0,
          "identity": {
            "name": "ha-dev-nsg-private",
            "resource_group_name": "ha-dev-rg",
            "subscription_id": "2501d58d-4027-4e36-847f-570ffd31b045"
          },
          "private": "eyJlMmJmYjczMC1lY2FhLTExZTYtOGY4OC0zNDM2M2JjN2M0YzAiOnsiY3JlYXRlIjoxODAwMDAwMDAwMDAwLCJkZWxldGUiOjE4MDAwMDAwMDAwMDAsInJlYWQiOjMwMDAwMDAwMDAwMCwidXBkYXRlIjoxODAwMDAwMDAwMDAwfX0=",
          "dependencies": [
            "module.network.azurerm_resource_group.rg"
          ]
        }
      ]
    },
    {
      "module": "module.network",
      "mode": "managed",
      "type": "azurerm_resource_group",
      "name": "rg",
      "provider": "provider[\"registry.terraform.io/hashicorp/azurerm\"]",
      "instances": [
        {
          "schema_version": 0,
          "attributes": {
            "id": "/subscriptions/2501d58d-4027-4e36-847f-570ffd31b045/resourceGroups/ha-dev-rg",
            "location": "northeurope",
            "managed_by": "",
            "name": "ha-dev-rg",
            "tags": {
              "environment": "dev",
              "project": "azure-ha-platform"
            },
            "timeouts": null
          },
          "sensitive_attributes": [],
          "identity_schema_version": 0,
          "identity": {
            "name": "ha-dev-rg",
            "subscription_id": "2501d58d-4027-4e36-847f-570ffd31b045"
          },
          "private": "eyJlMmJmYjczMC1lY2FhLTExZTYtOGY4OC0zNDM2M2JjN2M0YzAiOnsiY3JlYXRlIjo1NDAwMDAwMDAwMDAwLCJkZWxldGUiOjU0MDAwMDAwMDAwMDAsInJlYWQiOjMwMDAwMDAwMDAwMCwidXBkYXRlIjo1NDAwMDAwMDAwMDAwfX0="
        }
      ]
    },
    {
      "module": "module.network",
      "mode": "managed",
      "type": "azurerm_subnet",
      "name": "private",
      "provider": "provider[\"registry.terraform.io/hashicorp/azurerm\"]",
      "instances": [
        {
          "schema_version": 0,
          "attributes": {
            "address_prefixes": [
              "10.10.2.0/24"
            ],
            "default_outbound_access_enabled": true,
            "delegation": [],
            "id": "/subscriptions/2501d58d-4027-4e36-847f-570ffd31b045/resourceGroups/ha-dev-rg/providers/Microsoft.Network/virtualNetworks/ha-dev-vnet/subnets/ha-dev-private",
            "ip_address_pool": [],
            "name": "ha-dev-private",
            "private_endpoint_network_policies": "Disabled",
            "private_link_service_network_policies_enabled": true,
            "resource_group_name": "ha-dev-rg",
            "service_endpoint_policy_ids": [],
            "service_endpoints": [],
            "sharing_scope": "",
            "timeouts": null,
            "virtual_network_name": "ha-dev-vnet"
          },
          "sensitive_attributes": [],
          "identity_schema_version": 0,
          "identity": {
            "name": "ha-dev-private",
            "resource_group_name": "ha-dev-rg",
            "subscription_id": "2501d58d-4027-4e36-847f-570ffd31b045",
            "virtual_network_name": "ha-dev-vnet"
          },
          "private": "eyJlMmJmYjczMC1lY2FhLTExZTYtOGY4OC0zNDM2M2JjN2M0YzAiOnsiY3JlYXRlIjoxODAwMDAwMDAwMDAwLCJkZWxldGUiOjE4MDAwMDAwMDAwMDAsInJlYWQiOjMwMDAwMDAwMDAwMCwidXBkYXRlIjoxODAwMDAwMDAwMDAwfX0=",
          "dependencies": [
            "module.network.azurerm_resource_group.rg",
            "module.network.azurerm_virtual_network.vnet"
          ]
        }
      ]
    },
    {
      "module": "module.network",
      "mode": "managed",
      "type": "azurerm_subnet",
      "name": "public",
      "provider": "provider[\"registry.terraform.io/hashicorp/azurerm\"]",
      "instances": [
        {
          "schema_version": 0,
          "attributes": {
            "address_prefixes": [
              "10.10.1.0/24"
            ],
            "default_outbound_access_enabled": true,
            "delegation": [],
            "id": "/subscriptions/2501d58d-4027-4e36-847f-570ffd31b045/resourceGroups/ha-dev-rg/providers/Microsoft.Network/virtualNetworks/ha-dev-vnet/subnets/ha-dev-public",
            "ip_address_pool": [],
            "name": "ha-dev-public",
            "private_endpoint_network_policies": "Disabled",
            "private_link_service_network_policies_enabled": true,
            "resource_group_name": "ha-dev-rg",
            "service_endpoint_policy_ids": [],
            "service_endpoints": [],
            "sharing_scope": "",
            "timeouts": null,
            "virtual_network_name": "ha-dev-vnet"
          },
          "sensitive_attributes": [],
          "identity_schema_version": 0,
          "identity": {
            "name": "ha-dev-public",
            "resource_group_name": "ha-dev-rg",
            "subscription_id": "2501d58d-4027-4e36-847f-570ffd31b045",
            "virtual_network_name": "ha-dev-vnet"
          },
          "private": "eyJlMmJmYjczMC1lY2FhLTExZTYtOGY4OC0zNDM2M2JjN2M0YzAiOnsiY3JlYXRlIjoxODAwMDAwMDAwMDAwLCJkZWxldGUiOjE4MDAwMDAwMDAwMDAsInJlYWQiOjMwMDAwMDAwMDAwMCwidXBkYXRlIjoxODAwMDAwMDAwMDAwfX0=",
          "dependencies": [
            "module.network.azurerm_resource_group.rg",
            "module.network.azurerm_virtual_network.vnet"
          ]
        }
      ]
    },
    {
      "module": "module.network",
      "mode": "managed",
      "type": "azurerm_subnet_network_security_group_association",
      "name": "private_assoc",
      "provider": "provider[\"registry.terraform.io/hashicorp/azurerm\"]",
      "instances": [
        {
          "schema_version": 0,
          "attributes": {
            "id": "/subscriptions/2501d58d-4027-4e36-847f-570ffd31b045/resourceGroups/ha-dev-rg/providers/Microsoft.Network/virtualNetworks/ha-dev-vnet/subnets/ha-dev-private",
            "network_security_group_id": "/subscriptions/2501d58d-4027-4e36-847f-570ffd31b045/resourceGroups/ha-dev-rg/providers/Microsoft.Network/networkSecurityGroups/ha-dev-nsg-private",
            "subnet_id": "/subscriptions/2501d58d-4027-4e36-847f-570ffd31b045/resourceGroups/ha-dev-rg/providers/Microsoft.Network/virtualNetworks/ha-dev-vnet/subnets/ha-dev-private",
            "timeouts": null
          },
          "sensitive_attributes": [],
          "identity_schema_version": 0,
          "private": "eyJlMmJmYjczMC1lY2FhLTExZTYtOGY4OC0zNDM2M2JjN2M0YzAiOnsiY3JlYXRlIjoxODAwMDAwMDAwMDAwLCJkZWxldGUiOjE4MDAwMDAwMDAwMDAsInJlYWQiOjMwMDAwMDAwMDAwMH19",
          "dependencies": [
            "module.network.azurerm_network_security_group.nsg_private",
            "module.network.azurerm_resource_group.rg",
            "module.network.azurerm_subnet.private",
            "module.network.azurerm_virtual_network.vnet"
          ]
        }
      ]
    },
    {
      "module": "module.network",
      "mode": "managed",
      "type": "azurerm_virtual_network",
      "name": "vnet",
      "provider": "provider[\"registry.terraform.io/hashicorp/azurerm\"]",
      "instances": [
        {
          "schema_version": 0,
          "attributes": {
            "address_space": [
              "10.10.0.0/16"
            ],
            "bgp_community": "",
            "ddos_protection_plan": [],
            "dns_servers": [],
            "edge_zone": "",
            "encryption": [],
            "flow_timeout_in_minutes": 0,
            "guid": "aebc4a09-642c-4e9b-81f9-8c1a61125f09",
            "id": "/subscriptions/2501d58d-4027-4e36-847f-570ffd31b045/resourceGroups/ha-dev-rg/providers/Microsoft.Network/virtualNetworks/ha-dev-vnet",
            "ip_address_pool": [],
            "location": "northeurope",
            "name": "ha-dev-vnet",
            "private_endpoint_vnet_policies": "Disabled",
            "resource_group_name": "ha-dev-rg",
            "subnet": [
              {
                "address_prefixes": [
                  "10.10.1.0/24"
                ],
                "default_outbound_access_enabled": true,
                "delegation": [],
                "id": "/subscriptions/2501d58d-4027-4e36-847f-570ffd31b045/resourceGroups/ha-dev-rg/providers/Microsoft.Network/virtualNetworks/ha-dev-vnet/subnets/ha-dev-public",
                "name": "ha-dev-public",
                "private_endpoint_network_policies": "Disabled",
                "private_link_service_network_policies_enabled": true,
                "route_table_id": "",
                "security_group": "",
                "service_endpoint_policy_ids": [],
                "service_endpoints": []
              },
              {
                "address_prefixes": [
                  "10.10.2.0/24"
                ],
                "default_outbound_access_enabled": true,
                "delegation": [],
                "id": "/subscriptions/2501d58d-4027-4e36-847f-570ffd31b045/resourceGroups/ha-dev-rg/providers/Microsoft.Network/virtualNetworks/ha-dev-vnet/subnets/ha-dev-private",
                "name": "ha-dev-private",
                "private_endpoint_network_policies": "Disabled",
                "private_link_service_network_policies_enabled": true,
                "route_table_id": "",
                "security_group": "/subscriptions/2501d58d-4027-4e36-847f-570ffd31b045/resourceGroups/ha-dev-rg/providers/Microsoft.Network/networkSecurityGroups/ha-dev-nsg-private",
                "service_endpoint_policy_ids": [],
                "service_endpoints": []
              }
            ],
            "tags": {
              "environment": "dev",
              "project": "azure-ha-platform"
            },
            "timeouts": null
          },
          "sensitive_attributes": [],
          "identity_schema_version": 0,
          "identity": {
            "name": "ha-dev-vnet",
            "resource_group_name": "ha-dev-rg",
            "subscription_id": "2501d58d-4027-4e36-847f-570ffd31b045"
          },
          "private": "eyJlMmJmYjczMC1lY2FhLTExZTYtOGY4OC0zNDM2M2JjN2M0YzAiOnsiY3JlYXRlIjoxODAwMDAwMDAwMDAwLCJkZWxldGUiOjE4MDAwMDAwMDAwMDAsInJlYWQiOjMwMDAwMDAwMDAwMCwidXBkYXRlIjoxODAwMDAwMDAwMDAwfX0=",
          "dependencies": [
            "module.network.azurerm_resource_group.rg"
          ]
        }
      ]
    },
    {
      "module": "module.vmss",
      "mode": "data",
      "type": "template_file",
      "name": "cloud_init",
      "provider": "provider[\"registry.terraform.io/hashicorp/template\"]",
      "instances": [
        {
          "schema_version": 0,
          "attributes": {
            "filename": null,
            "id": "96d90d8248a02d1ac585fcd3297078b06339f3df2383057732df19e2b92bab09",
            "rendered": "#cloud-config\r\npackage_update: true\r\npackages:\r\n  - ca-certificates\r\n  - curl\r\n  - gnupg\r\n  - lsb-release\r\n\r\nruncmd:\r\n  - [ bash, -lc, \"install -m 0755 -d /etc/apt/keyrings\" ]\r\n  - [ bash, -lc, \"curl -fsSL https://download.docker.com/linux/ubuntu/gpg | gpg --dearmor -o /etc/apt/keyrings/docker.gpg\" ]\r\n  - [ bash, -lc, \"chmod a+r /etc/apt/keyrings/docker.gpg\" ]\r\n  - [ bash, -lc, \"echo \\\"deb [arch=$(dpkg --print-architecture) signed-by=/etc/apt/keyrings/docker.gpg] https://download.docker.com/linux/ubuntu $(. /etc/os-release \u0026\u0026 echo $VERSION_CODENAME) stable\\\" \u003e /etc/apt/sources.list.d/docker.list\" ]\r\n  - [ bash, -lc, \"apt-get update -y \u0026\u0026 apt-get install -y docker-ce docker-ce-cli containerd.io docker-buildx-plugin docker-compose-plugin\" ]\r\n  - [ bash, -lc, \"systemctl enable --now docker\" ]\r\n  - [ bash, -lc, \"docker run -d --restart always --name ha-web -p 80:80 nginx:alpine\" ]",
            "template": "#cloud-config\r\npackage_update: true\r\npackages:\r\n  - ca-certificates\r\n  - curl\r\n  - gnupg\r\n  - lsb-release\r\n\r\nruncmd:\r\n  - [ bash, -lc, \"install -m 0755 -d /etc/apt/keyrings\" ]\r\n  - [ bash, -lc, \"curl -fsSL https://download.docker.com/linux/ubuntu/gpg | gpg --dearmor -o /etc/apt/keyrings/docker.gpg\" ]\r\n  - [ bash, -lc, \"chmod a+r /etc/apt/keyrings/docker.gpg\" ]\r\n  - [ bash, -lc, \"echo \\\"deb [arch=$(dpkg --print-architecture) signed-by=/etc/apt/keyrings/docker.gpg] https://download.docker.com/linux/ubuntu $(. /etc/os-release \u0026\u0026 echo $VERSION_CODENAME) stable\\\" \u003e /etc/apt/sources.list.d/docker.list\" ]\r\n  - [ bash, -lc, \"apt-get update -y \u0026\u0026 apt-get install -y docker-ce docker-ce-cli containerd.io docker-buildx-plugin docker-compose-plugin\" ]\r\n  - [ bash, -lc, \"systemctl enable --now docker\" ]\r\n  - [ bash, -lc, \"docker run -d --restart always --name ha-web -p 80:80 ${container_image}\" ]",
            "vars": {
              "container_image": "nginx:alpine"
            }
          },
          "sensitive_attributes": [],
          "identity_schema_version": 0
        }
      ]
    },
    {
      "module": "module.vmss",
      "mode": "managed",
      "type": "azurerm_linux_virtual_machine_scale_set",
      "name": "vmss",
      "provider": "provider[\"registry.terraform.io/hashicorp/azurerm\"]",
      "instances": [
        {
          "schema_version": 0,
          "attributes": {
            "additional_capabilities": [],
            "admin_password": null,
            "admin_ssh_key": [
              {
                "public_key": "ssh-rsa AAAAB3NzaC1yc2EAAAADAQABAAACAQDSknM8NnOesT1Pbep3adk5nWiJu3ABPGp+EpVZU9gbGVHJ3ZZGMp4TdgkK64DdKpHUazhvD6T3J+Os8h3zcsG63qwJC2a+VZK/HXFhPfIwj8Jtf15s9IF/ATMguub0doaW2KGZwc/BO+SqIqXBFgXsinhqUjCQDjA5cO1A/POLR7Um6riFuAV4EuouCTXCtpFA27461deN+jM32QqTS0qbGO0gR+k5UIe+8AWFKwlcKZNOheJvA4xsV511FIxnMlmIlaR37XQwXcXa3KDv0Wx5wLhs3an0mEwGhh6FPUSfy6eRC4tp7bydYxOQWf5Cr604PAukJL4m4jUbB4cCIwCOoWaVjEhCXY3pimg2dfhC97nc5S8rhkuRCctUxTzt01iRhnwenegfG0i90NkCskjsHLUGikd6YAE7yEVsk6yLt9YXEaEDPf647t8Byz9Nrnseoupe1Dohuv4wbGBiTb1x4L08bq5ut8sj6MDzu+pxbGt2sGNzy9Brq2ermyjddWDLXUOMTgKDGOahSoyHZxgnJ1LO4SZrSQTSdu5Czs9I/aalftaYpW5LH6QPfP2jD/Xkbu9SzcA2twWygcOLbbUQPTCTQMdvnmdm1do2GCPzweoseUYrwd7wylJgD+0rRh1gkIKAC50gJ+OYx6re6hN7V5OkXTdCGAKnZCqNu3sVPw== azure-ha\r\n",
                "username": "azureuser"
              }
            ],
            "admin_username": "azureuser",
            "automatic_instance_repair": [],
            "automatic_os_upgrade_policy": [],
            "boot_diagnostics": [],
            "capacity_reservation_group_id": "",
            "computer_name_prefix": "ha-dev-vmss",
            "custom_data": "I2Nsb3VkLWNvbmZpZw0KcGFja2FnZV91cGRhdGU6IHRydWUNCnBhY2thZ2VzOg0KICAtIGNhLWNlcnRpZmljYXRlcw0KICAtIGN1cmwNCiAgLSBnbnVwZw0KICAtIGxzYi1yZWxlYXNlDQoNCnJ1bmNtZDoNCiAgLSBbIGJhc2gsIC1sYywgImluc3RhbGwgLW0gMDc1NSAtZCAvZXRjL2FwdC9rZXlyaW5ncyIgXQ0KICAtIFsgYmFzaCwgLWxjLCAiY3VybCAtZnNTTCBodHRwczovL2Rvd25sb2FkLmRvY2tlci5jb20vbGludXgvdWJ1bnR1L2dwZyB8IGdwZyAtLWRlYXJtb3IgLW8gL2V0Yy9hcHQva2V5cmluZ3MvZG9ja2VyLmdwZyIgXQ0KICAtIFsgYmFzaCwgLWxjLCAiY2htb2QgYStyIC9ldGMvYXB0L2tleXJpbmdzL2RvY2tlci5ncGciIF0NCiAgLSBbIGJhc2gsIC1sYywgImVjaG8gXCJkZWIgW2FyY2g9JChkcGtnIC0tcHJpbnQtYXJjaGl0ZWN0dXJlKSBzaWduZWQtYnk9L2V0Yy9hcHQva2V5cmluZ3MvZG9ja2VyLmdwZ10gaHR0cHM6Ly9kb3dubG9hZC5kb2NrZXIuY29tL2xpbnV4L3VidW50dSAkKC4gL2V0Yy9vcy1yZWxlYXNlICYmIGVjaG8gJFZFUlNJT05fQ09ERU5BTUUpIHN0YWJsZVwiID4gL2V0Yy9hcHQvc291cmNlcy5saXN0LmQvZG9ja2VyLmxpc3QiIF0NCiAgLSBbIGJhc2gsIC1sYywgImFwdC1nZXQgdXBkYXRlIC15ICYmIGFwdC1nZXQgaW5zdGFsbCAteSBkb2NrZXItY2UgZG9ja2VyLWNlLWNsaSBjb250YWluZXJkLmlvIGRvY2tlci1idWlsZHgtcGx1Z2luIGRvY2tlci1jb21wb3NlLXBsdWdpbiIgXQ0KICAtIFsgYmFzaCwgLWxjLCAic3lzdGVtY3RsIGVuYWJsZSAtLW5vdyBkb2NrZXIiIF0NCiAgLSBbIGJhc2gsIC1sYywgImRvY2tlciBydW4gLWQgLS1yZXN0YXJ0IGFsd2F5cyAtLW5hbWUgaGEtd2ViIC1wIDgwOjgwIG5naW54OmFscGluZSIgXQ==",
            "data_disk": [],
            "disable_password_authentication": true,
            "do_not_run_extensions_on_overprovisioned_machines": false,
            "edge_zone": "",
            "encryption_at_host_enabled": false,
            "eviction_policy": "",
            "extension": [],
            "extension_operations_enabled": true,
            "extensions_time_budget": "PT1H30M",
            "gallery_application": [],
            "health_probe_id": "",
            "host_group_id": null,
            "id": "/subscriptions/2501d58d-4027-4e36-847f-570ffd31b045/resourceGroups/ha-dev-rg/providers/Microsoft.Compute/virtualMachineScaleSets/ha-dev-vmss",
            "identity": [],
            "instances": 2,
            "location": "northeurope",
            "max_bid_price": -1,
            "name": "ha-dev-vmss",
            "network_interface": [
              {
                "auxiliary_mode": "",
                "auxiliary_sku": "",
                "dns_servers": null,
                "enable_accelerated_networking": false,
                "enable_ip_forwarding": false,
                "ip_configuration": [
                  {
                    "application_gateway_backend_address_pool_ids": null,
                    "application_security_group_ids": null,
                    "load_balancer_backend_address_pool_ids": [
                      "/subscriptions/2501d58d-4027-4e36-847f-570ffd31b045/resourceGroups/ha-dev-rg/providers/Microsoft.Network/loadBalancers/ha-dev-lb/backendAddressPools/ha-dev-bepool"
                    ],
                    "load_balancer_inbound_nat_rules_ids": null,
                    "name": "ipcfg",
                    "primary": true,
                    "public_ip_address": [],
                    "subnet_id": "/subscriptions/2501d58d-4027-4e36-847f-570ffd31b045/resourceGroups/ha-dev-rg/providers/Microsoft.Network/virtualNetworks/ha-dev-vnet/subnets/ha-dev-private",
                    "version": "IPv4"
                  }
                ],
                "name": "ha-dev-nic",
                "network_security_group_id": "",
                "primary": true
              }
            ],
            "os_disk": [
              {
                "caching": "ReadWrite",
                "diff_disk_settings": [],
                "disk_encryption_set_id": "",
                "disk_size_gb": 30,
                "secure_vm_disk_encryption_set_id": "",
                "security_encryption_type": "",
                "storage_account_type": "Standard_LRS",
                "write_accelerator_enabled": false
              }
            ],
            "overprovision": true,
            "plan": [],
            "platform_fault_domain_count": 5,
            "priority": "Regular",
            "provision_vm_agent": true,
            "proximity_placement_group_id": "",
            "resilient_vm_creation_enabled": false,
            "resilient_vm_deletion_enabled": false,
            "resource_group_name": "ha-dev-rg",
            "rolling_upgrade_policy": [],
            "scale_in": [],
            "secret": [],
            "secure_boot_enabled": false,
            "single_placement_group": true,
            "sku": "Standard_D2s_v6",
            "source_image_id": "",
            "source_image_reference": [
              {
                "offer": "0001-com-ubuntu-server-jammy",
                "publisher": "Canonical",
                "sku": "22_04-lts-gen2",
                "version": "latest"
              }
            ],
            "spot_restore": null,
            "tags": {
              "environment": "dev",
              "project": "azure-ha-platform"
            },
            "termination_notification": null,
            "timeouts": null,
            "unique_id": "acfe4e74-314f-4952-b00d-d6a83b56cd6f",
            "upgrade_mode": "Manual",
            "user_data": "",
            "vtpm_enabled": false,
            "zone_balance": false,
            "zones": null
          },
          "sensitive_attributes": [
            [
              {
                "type": "get_attr",
                "value": "admin_password"
              }
            ],
            [
              {
                "type": "get_attr",
                "value": "custom_data"
              }
            ]
          ],
          "identity_schema_version": 0,
          "private": "eyJlMmJmYjczMC1lY2FhLTExZTYtOGY4OC0zNDM2M2JjN2M0YzAiOnsiY3JlYXRlIjozNjAwMDAwMDAwMDAwLCJkZWxldGUiOjM2MDAwMDAwMDAwMDAsInJlYWQiOjMwMDAwMDAwMDAwMCwidXBkYXRlIjozNjAwMDAwMDAwMDAwfX0=",
          "dependencies": [
            "module.lb.azurerm_lb.lb",
            "module.lb.azurerm_lb_backend_address_pool.bepool",
            "module.lb.azurerm_public_ip.lb_pip",
            "module.network.azurerm_resource_group.rg",
            "module.network.azurerm_subnet.private",
            "module.network.azurerm_virtual_network.vnet",
            "module.vmss.data.template_file.cloud_init"
          ]
        }
      ]
    }
  ],
  "check_results": null
}
